
Microsoft Visual Studio Solution File, Format Version 12.00
# Visual Studio Version 17
VisualStudioVersion = 17.11.35222.181
MinimumVisualStudioVersion = 10.0.40219.1
Project("{FAE04EC0-301F-11D3-BF4B-00C04F79EFBC}") = "Banki_rendszer", "Banki_rendszer.csproj", "{B4AB8264-9E53-44E9-9957-5992EA8B44F7}"
EndProject
Global
	GlobalSection(SolutionConfigurationPlatforms) = preSolution
		Debug|Any CPU = Debug|Any CPU
		Release|Any CPU = Release|Any CPU
	EndGlobalSection
	GlobalSection(ProjectConfigurationPlatforms) = postSolution
		{B4AB8264-9E53-44E9-9957-5992EA8B44F7}.Debug|Any CPU.ActiveCfg = Debug|Any CPU
		{B4AB8264-9E53-44E9-9957-5992EA8B44F7}.Debug|Any CPU.Build.0 = Debug|Any CPU
		{B4AB8264-9E53-44E9-9957-5992EA8B44F7}.Release|Any CPU.ActiveCfg = Release|Any CPU
		{B4AB8264-9E53-44E9-9957-5992EA8B44F7}.Release|Any CPU.Build.0 = Release|Any CPU
	EndGlobalSection
	GlobalSection(SolutionProperties) = preSolution
		HideSolutionNode = FALSE
	EndGlobalSection
	GlobalSection(ExtensibilityGlobals) = postSolution
		SolutionGuid = {267F90BB-F4E3-46AC-A8B4-C681329E24DB}
	EndGlobalSection
EndGlobal
